lockfileVersion: '9.0'

settings:
  autoInstallPeers: true
  excludeLinksFromLockfile: false

importers:

  .:
    devDependencies:
      polygon-clipping:
        specifier: 0.15.7
        version: 0.15.7

packages:

  polygon-clipping@0.15.7:
    resolution: {integrity: sha512-nhfdr83ECBg6xtqOAJab1tbksbBAOMUltN60bU+llHVOL0e5Onm1WpAXXWXVB39L8AJFssoIhEVuy/S90MmotA==}

  robust-predicates@3.0.3:
    resolution: {integrity: sha512-NS3levdsRIUOmiJ8FZWCP7LG3QpJyrs/TE0Zpf1yvZu8cAJJ6QMW92H1c7kWpdIHo8RvmLxN/o2JXTKHp74lUA==}

  splaytree@3.2.3:
    resolution: {integrity: sha512-7OXrNWzy6CK+r7Ch9OLPBDTKfB6XlWHjX4P0RU5B3IgFuWPeYN0XtRtlexGRjgbQxpfaUve6jTAwBGWuGntz/w==}
    engines: {node: '>=18.20 || >=20'}

snapshots:

  polygon-clipping@0.15.7:
    dependencies:
      robust-predicates: 3.0.3
      splaytree: 3.2.3

  robust-predicates@3.0.3: {}

  splaytree@3.2.3: {}
